
Microsoft Visual Studio Solution File, Format Version 12.00
# Visual Studio Version 17
VisualStudioVersion = 17.3.32611.2
MinimumVisualStudioVersion = 10.0.40219.1
Project("{9A19103F-16F7-4668-BE54-9A1E7A4F7556}") = "FilePortal.Dal", "FilePortal.Dal\FilePortal.Dal.csproj", "{7C81B54C-8B7B-47CA-90CA-AE44CCF53E18}"
EndProject
Project("{9A19103F-16F7-4668-BE54-9A1E7A4F7556}") = "FilePortal.Web", "FilePortal.Web\FilePortal.Web.csproj", "{FA2B39C1-2C7B-4ED9-82D0-1F02E4F01763}"
EndProject
Project("{9A19103F-16F7-4668-BE54-9A1E7A4F7556}") = "FilePortal.FileService", "FilePortal.FileService\FilePortal.FileService.csproj", "{88202DEB-B7B6-4989-BDA1-760CA1B8660A}"
EndProject
Project("{FAE04EC0-301F-11D3-BF4B-00C04F79EFBC}") = "FilePortal.SecureVault", "FilePortal.SecureVault\FilePortal.SecureVault.csproj", "{C71FA0DD-5637-4326-973B-CD072170C495}"
EndProject
Global
	GlobalSection(SolutionConfigurationPlatforms) = preSolution
		Debug|Any CPU = Debug|Any CPU
		Release|Any CPU = Release|Any CPU
	EndGlobalSection
	GlobalSection(ProjectConfigurationPlatforms) = postSolution
		{7C81B54C-8B7B-47CA-90CA-AE44CCF53E18}.Debug|Any CPU.ActiveCfg = Debug|Any CPU
		{7C81B54C-8B7B-47CA-90CA-AE44CCF53E18}.Debug|Any CPU.Build.0 = Debug|Any CPU
		{7C81B54C-8B7B-47CA-90CA-AE44CCF53E18}.Release|Any CPU.ActiveCfg = Release|Any CPU
		{7C81B54C-8B7B-47CA-90CA-AE44CCF53E18}.Release|Any CPU.Build.0 = Release|Any CPU
		{FA2B39C1-2C7B-4ED9-82D0-1F02E4F01763}.Debug|Any CPU.ActiveCfg = Debug|Any CPU
		{FA2B39C1-2C7B-4ED9-82D0-1F02E4F01763}.Debug|Any CPU.Build.0 = Debug|Any CPU
		{FA2B39C1-2C7B-4ED9-82D0-1F02E4F01763}.Release|Any CPU.ActiveCfg = Release|Any CPU
		{FA2B39C1-2C7B-4ED9-82D0-1F02E4F01763}.Release|Any CPU.Build.0 = Release|Any CPU
		{88202DEB-B7B6-4989-BDA1-760CA1B8660A}.Debug|Any CPU.ActiveCfg = Debug|Any CPU
		{88202DEB-B7B6-4989-BDA1-760CA1B8660A}.Debug|Any CPU.Build.0 = Debug|Any CPU
		{88202DEB-B7B6-4989-BDA1-760CA1B8660A}.Release|Any CPU.ActiveCfg = Release|Any CPU
		{88202DEB-B7B6-4989-BDA1-760CA1B8660A}.Release|Any CPU.Build.0 = Release|Any CPU
		{C71FA0DD-5637-4326-973B-CD072170C495}.Debug|Any CPU.ActiveCfg = Debug|Any CPU
		{C71FA0DD-5637-4326-973B-CD072170C495}.Debug|Any CPU.Build.0 = Debug|Any CPU
		{C71FA0DD-5637-4326-973B-CD072170C495}.Release|Any CPU.ActiveCfg = Release|Any CPU
		{C71FA0DD-5637-4326-973B-CD072170C495}.Release|Any CPU.Build.0 = Release|Any CPU
	EndGlobalSection
	GlobalSection(SolutionProperties) = preSolution
		HideSolutionNode = FALSE
	EndGlobalSection
	GlobalSection(ExtensibilityGlobals) = postSolution
		SolutionGuid = {4B1D9F56-C16D-4762-9139-191DE8F05B65}
	EndGlobalSection
EndGlobal
